
Microsoft Visual Studio Solution File, Format Version 12.00
# Visual Studio Version 16
VisualStudioVersion = 16.0.30011.22
MinimumVisualStudioVersion = 10.0.40219.1
Project("{FAE04EC0-301F-11D3-BF4B-00C04F79EFBC}") = "FormularioProductos", "FormularioProductos\FormularioProductos.csproj", "{7E6699DA-8245-4D47-A8D6-530E58BE7195}"
EndProject
Project("{2150E333-8FDC-42A3-9474-1A3956D46DE8}") = "1 - Presentación", "1 - Presentación", "{E4DE73C3-E274-45A2-B60D-AF7344DCE93F}"
EndProject
Project("{2150E333-8FDC-42A3-9474-1A3956D46DE8}") = "2 - Negocio", "2 - Negocio", "{AF73420C-6453-4589-8DFC-943383C3CE28}"
EndProject
Project("{2150E333-8FDC-42A3-9474-1A3956D46DE8}") = "3 - Datos", "3 - Datos", "{DF62E094-2A41-4F4B-86DA-CE954592F68D}"
EndProject
Project("{2150E333-8FDC-42A3-9474-1A3956D46DE8}") = "4 - Dominio", "4 - Dominio", "{F5B3F4E5-2CF3-4103-A3E1-8F14CA90AE1C}"
EndProject
Project("{FAE04EC0-301F-11D3-BF4B-00C04F79EFBC}") = "Data", "Data\Data.csproj", "{2E0D1F02-1B1C-41BA-84D2-023A7AE49FE4}"
EndProject
Project("{FAE04EC0-301F-11D3-BF4B-00C04F79EFBC}") = "Domain", "Domain\Domain.csproj", "{05B343D6-0A99-44CA-89DF-C6B553A9475D}"
EndProject
Project("{FAE04EC0-301F-11D3-BF4B-00C04F79EFBC}") = "Business", "Business\Business.csproj", "{1B791511-DD88-4903-9F0B-3F34416FDEE4}"
EndProject
Project("{FAE04EC0-301F-11D3-BF4B-00C04F79EFBC}") = "FormWeb", "FormWeb\FormWeb.csproj", "{50B35E3F-1DF0-4F7B-8179-34D2C4684A58}"
EndProject
Project("{2150E333-8FDC-42A3-9474-1A3956D46DE8}") = "1 - Servicios", "1 - Servicios", "{6A96293A-382A-473B-A077-81C123D8EC91}"
EndProject
Project("{FAE04EC0-301F-11D3-BF4B-00C04F79EFBC}") = "WebApiProductos", "WebApiProductos\WebApiProductos.csproj", "{323B8552-3A69-4CEE-A27F-BE590965EE9E}"
EndProject
Global
	GlobalSection(SolutionConfigurationPlatforms) = preSolution
		Debug|Any CPU = Debug|Any CPU
		Release|Any CPU = Release|Any CPU
	EndGlobalSection
	GlobalSection(ProjectConfigurationPlatforms) = postSolution
		{7E6699DA-8245-4D47-A8D6-530E58BE7195}.Debug|Any CPU.ActiveCfg = Debug|Any CPU
		{7E6699DA-8245-4D47-A8D6-530E58BE7195}.Debug|Any CPU.Build.0 = Debug|Any CPU
		{7E6699DA-8245-4D47-A8D6-530E58BE7195}.Release|Any CPU.ActiveCfg = Release|Any CPU
		{7E6699DA-8245-4D47-A8D6-530E58BE7195}.Release|Any CPU.Build.0 = Release|Any CPU
		{2E0D1F02-1B1C-41BA-84D2-023A7AE49FE4}.Debug|Any CPU.ActiveCfg = Debug|Any CPU
		{2E0D1F02-1B1C-41BA-84D2-023A7AE49FE4}.Debug|Any CPU.Build.0 = Debug|Any CPU
		{2E0D1F02-1B1C-41BA-84D2-023A7AE49FE4}.Release|Any CPU.ActiveCfg = Release|Any CPU
		{2E0D1F02-1B1C-41BA-84D2-023A7AE49FE4}.Release|Any CPU.Build.0 = Release|Any CPU
		{05B343D6-0A99-44CA-89DF-C6B553A9475D}.Debug|Any CPU.ActiveCfg = Debug|Any CPU
		{05B343D6-0A99-44CA-89DF-C6B553A9475D}.Debug|Any CPU.Build.0 = Debug|Any CPU
		{05B343D6-0A99-44CA-89DF-C6B553A9475D}.Release|Any CPU.ActiveCfg = Release|Any CPU
		{05B343D6-0A99-44CA-89DF-C6B553A9475D}.Release|Any CPU.Build.0 = Release|Any CPU
		{1B791511-DD88-4903-9F0B-3F34416FDEE4}.Debug|Any CPU.ActiveCfg = Debug|Any CPU
		{1B791511-DD88-4903-9F0B-3F34416FDEE4}.Debug|Any CPU.Build.0 = Debug|Any CPU
		{1B791511-DD88-4903-9F0B-3F34416FDEE4}.Release|Any CPU.ActiveCfg = Release|Any CPU
		{1B791511-DD88-4903-9F0B-3F34416FDEE4}.Release|Any CPU.Build.0 = Release|Any CPU
		{50B35E3F-1DF0-4F7B-8179-34D2C4684A58}.Debug|Any CPU.ActiveCfg = Debug|Any CPU
		{50B35E3F-1DF0-4F7B-8179-34D2C4684A58}.Debug|Any CPU.Build.0 = Debug|Any CPU
		{50B35E3F-1DF0-4F7B-8179-34D2C4684A58}.Release|Any CPU.ActiveCfg = Release|Any CPU
		{50B35E3F-1DF0-4F7B-8179-34D2C4684A58}.Release|Any CPU.Build.0 = Release|Any CPU
		{323B8552-3A69-4CEE-A27F-BE590965EE9E}.Debug|Any CPU.ActiveCfg = Debug|Any CPU
		{323B8552-3A69-4CEE-A27F-BE590965EE9E}.Debug|Any CPU.Build.0 = Debug|Any CPU
		{323B8552-3A69-4CEE-A27F-BE590965EE9E}.Release|Any CPU.ActiveCfg = Release|Any CPU
		{323B8552-3A69-4CEE-A27F-BE590965EE9E}.Release|Any CPU.Build.0 = Release|Any CPU
	EndGlobalSection
	GlobalSection(SolutionProperties) = preSolution
		HideSolutionNode = FALSE
	EndGlobalSection
	GlobalSection(NestedProjects) = preSolution
		{7E6699DA-8245-4D47-A8D6-530E58BE7195} = {E4DE73C3-E274-45A2-B60D-AF7344DCE93F}
		{2E0D1F02-1B1C-41BA-84D2-023A7AE49FE4} = {DF62E094-2A41-4F4B-86DA-CE954592F68D}
		{05B343D6-0A99-44CA-89DF-C6B553A9475D} = {F5B3F4E5-2CF3-4103-A3E1-8F14CA90AE1C}
		{1B791511-DD88-4903-9F0B-3F34416FDEE4} = {AF73420C-6453-4589-8DFC-943383C3CE28}
		{50B35E3F-1DF0-4F7B-8179-34D2C4684A58} = {E4DE73C3-E274-45A2-B60D-AF7344DCE93F}
		{323B8552-3A69-4CEE-A27F-BE590965EE9E} = {6A96293A-382A-473B-A077-81C123D8EC91}
	EndGlobalSection
	GlobalSection(ExtensibilityGlobals) = postSolution
		SolutionGuid = {8C91A60A-79C6-452C-8821-BE785E343696}
	EndGlobalSection
EndGlobal
